
Microsoft Visual Studio Solution File, Format Version 12.00
# Visual Studio Version 16
VisualStudioVersion = 25.0.1705.4
MinimumVisualStudioVersion = 10.0.40219.1
Project("{FAE04EC0-301F-11D3-BF4B-00C04F79EFBC}") = "Console App", "Console App\Console App.csproj", "{71855DCC-F4FA-472A-92E1-2F289D84A2BB}"
EndProject
Global
	GlobalSection(SolutionConfigurationPlatforms) = preSolution
		Debug|Any CPU = Debug|Any CPU
		Release|Any CPU = Release|Any CPU
	EndGlobalSection
	GlobalSection(ProjectConfigurationPlatforms) = postSolution
		{71855DCC-F4FA-472A-92E1-2F289D84A2BB}.Debug|Any CPU.ActiveCfg = Debug|Any CPU
		{71855DCC-F4FA-472A-92E1-2F289D84A2BB}.Debug|Any CPU.Build.0 = Debug|Any CPU
		{71855DCC-F4FA-472A-92E1-2F289D84A2BB}.Release|Any CPU.ActiveCfg = Release|Any CPU
		{71855DCC-F4FA-472A-92E1-2F289D84A2BB}.Release|Any CPU.Build.0 = Release|Any CPU
	EndGlobalSection
	GlobalSection(SolutionProperties) = preSolution
		HideSolutionNode = FALSE
	EndGlobalSection
	GlobalSection(ExtensibilityGlobals) = postSolution
		SolutionGuid = {CFA918B1-17B3-4797-AEFD-BF11B696186C}
	EndGlobalSection
EndGlobal
